
Microsoft Visual Studio Solution File, Format Version 12.00
Project("{FAE04EC0-301F-11D3-BF4B-00C04F79EFBC}") = "StreamManager.Web", "StreamManager.Web\StreamManager.Web.csproj", "{CB6EE9E8-4B78-4D31-91D1-37DDFAED79FD}"
EndProject
Project("{FAE04EC0-301F-11D3-BF4B-00C04F79EFBC}") = "StreamManager.Api", "StreamManager.Api\StreamManager.Api.csproj", "{AFC659BA-F464-42B0-A0B1-A6C5F120BF53}"
EndProject
Project("{2150E333-8FDC-42A3-9474-1A3956D46DE8}") = "docs", "docs", "{6404E212-FFAD-4655-8BEF-49A38F6723A0}"
	ProjectSection(SolutionItems) = preProject
		docs\Plan.md = docs\Plan.md
		docs\QUICK_REFERENCE.md = docs\QUICK_REFERENCE.md
		docs\FLINK_MIGRATION.md = docs\FLINK_MIGRATION.md
		docs\QUICK_START.md = docs\QUICK_START.md
		docs\FUTURE_ENHANCEMENTS.md = docs\FUTURE_ENHANCEMENTS.md
		docs\README.md = docs\README.md
		docs\OPERATIONS.md = docs\OPERATIONS.md
		docs\ARCHITECTURE.md = docs\ARCHITECTURE.md
		docs\ORDERS_EXAMPLE_WALKTHROUGH.md = docs\ORDERS_EXAMPLE_WALKTHROUGH.md
	EndProjectSection
EndProject
Project("{2150E333-8FDC-42A3-9474-1A3956D46DE8}") = "scripts", "scripts", "{9DFD86B1-2CA9-408F-92C1-455063B2D396}"
	ProjectSection(SolutionItems) = preProject
		scripts\calculate_resources.sh = scripts\calculate_resources.sh
		scripts\generate_orders.sh = scripts\generate_orders.sh
		scripts\cleanup-ksqldb.sh = scripts\cleanup-ksqldb.sh
		scripts\README.md = scripts\README.md
		scripts\cleanup-flink.sh = scripts\cleanup-flink.sh
	EndProjectSection
EndProject
Project("{2150E333-8FDC-42A3-9474-1A3956D46DE8}") = "SolutionFolder", "SolutionFolder", "{6EA31539-9EFB-4F80-99AE-602BBD867BEF}"
	ProjectSection(SolutionItems) = preProject
		README.md = README.md
		docker-compose.flink.yml = docker-compose.flink.yml
		docker-compose.base.yml = docker-compose.base.yml
		docker-compose.ksqldb.yml = docker-compose.ksqldb.yml
	EndProjectSection
EndProject
Global
	GlobalSection(SolutionConfigurationPlatforms) = preSolution
		Debug|Any CPU = Debug|Any CPU
		Release|Any CPU = Release|Any CPU
	EndGlobalSection
	GlobalSection(ProjectConfigurationPlatforms) = postSolution
		{CB6EE9E8-4B78-4D31-91D1-37DDFAED79FD}.Debug|Any CPU.ActiveCfg = Debug|Any CPU
		{CB6EE9E8-4B78-4D31-91D1-37DDFAED79FD}.Debug|Any CPU.Build.0 = Debug|Any CPU
		{CB6EE9E8-4B78-4D31-91D1-37DDFAED79FD}.Release|Any CPU.ActiveCfg = Release|Any CPU
		{CB6EE9E8-4B78-4D31-91D1-37DDFAED79FD}.Release|Any CPU.Build.0 = Release|Any CPU
		{AFC659BA-F464-42B0-A0B1-A6C5F120BF53}.Debug|Any CPU.ActiveCfg = Debug|Any CPU
		{AFC659BA-F464-42B0-A0B1-A6C5F120BF53}.Debug|Any CPU.Build.0 = Debug|Any CPU
		{AFC659BA-F464-42B0-A0B1-A6C5F120BF53}.Release|Any CPU.ActiveCfg = Release|Any CPU
		{AFC659BA-F464-42B0-A0B1-A6C5F120BF53}.Release|Any CPU.Build.0 = Release|Any CPU
	EndGlobalSection
EndGlobal
